lockfileVersion: 5.4

specifiers:
  zenn-cli: 0.1.155

devDependencies:
  zenn-cli: 0.1.155

packages:

  /zenn-cli/0.1.155:
    resolution: {integrity: sha512-PqxeLWVrqSrGGPaMiNM5myJcbmXHh/Ur6EhzLkezrDZa5uJe1jfD6COVEnCtRf86Y5P0qy5bejXifSTNdDmqOA==}
    engines: {node: '>=14.0.0'}
    hasBin: true
    dev: true
